
Microsoft Visual Studio Solution File, Format Version 12.00
# Visual Studio Version 17
VisualStudioVersion = 17.0.32014.148
MinimumVisualStudioVersion = 10.0.40219.1
Project("{9A19103F-16F7-4668-BE54-9A1E7A4F7556}") = "LittleViet.Api", "LittleViet.Api\LittleViet.Api.csproj", "{928E19C6-08B6-46C0-8496-90DB8E7799A9}"
EndProject
Project("{9A19103F-16F7-4668-BE54-9A1E7A4F7556}") = "LittleViet.Data", "LittleViet.Data\LittleViet.Data.csproj", "{D10A2049-2C7D-48F6-8D93-4F203D3A2BA9}"
EndProject
Global
	GlobalSection(SolutionConfigurationPlatforms) = preSolution
		Debug|Any CPU = Debug|Any CPU
		Release|Any CPU = Release|Any CPU
	EndGlobalSection
	GlobalSection(ProjectConfigurationPlatforms) = postSolution
		{928E19C6-08B6-46C0-8496-90DB8E7799A9}.Debug|Any CPU.ActiveCfg = Debug|Any CPU
		{928E19C6-08B6-46C0-8496-90DB8E7799A9}.Debug|Any CPU.Build.0 = Debug|Any CPU
		{928E19C6-08B6-46C0-8496-90DB8E7799A9}.Release|Any CPU.ActiveCfg = Release|Any CPU
		{928E19C6-08B6-46C0-8496-90DB8E7799A9}.Release|Any CPU.Build.0 = Release|Any CPU
		{D10A2049-2C7D-48F6-8D93-4F203D3A2BA9}.Debug|Any CPU.ActiveCfg = Debug|Any CPU
		{D10A2049-2C7D-48F6-8D93-4F203D3A2BA9}.Debug|Any CPU.Build.0 = Debug|Any CPU
		{D10A2049-2C7D-48F6-8D93-4F203D3A2BA9}.Release|Any CPU.ActiveCfg = Release|Any CPU
		{D10A2049-2C7D-48F6-8D93-4F203D3A2BA9}.Release|Any CPU.Build.0 = Release|Any CPU
	EndGlobalSection
	GlobalSection(SolutionProperties) = preSolution
		HideSolutionNode = FALSE
	EndGlobalSection
	GlobalSection(ExtensibilityGlobals) = postSolution
		SolutionGuid = {6E1CAFB1-3C94-4425-ACC7-0F4B1C371386}
	EndGlobalSection
EndGlobal
